
Microsoft Visual Studio Solution File, Format Version 11.00
# Visual Studio 2010
Project("{FAE04EC0-301F-11D3-BF4B-00C04F79EFBC}") = "SteamVR", "SteamVR.csproj", "{0605B4FF-0BD2-54E9-F019-D4492BE22887}"
EndProject
Project("{FAE04EC0-301F-11D3-BF4B-00C04F79EFBC}") = "Assembly-CSharp", "Assembly-CSharp.csproj", "{50991ACB-06B7-E01F-925C-0BC6DA42F037}"
EndProject
Project("{FAE04EC0-301F-11D3-BF4B-00C04F79EFBC}") = "SteamVR_Editor", "SteamVR_Editor.csproj", "{FD84AD53-1909-9C7F-7FD9-E6B192E60CDF}"
EndProject
Project("{FAE04EC0-301F-11D3-BF4B-00C04F79EFBC}") = "SteamVR_Input_Editor", "SteamVR_Input_Editor.csproj", "{0289716F-357F-F232-0D93-C979B2271F8F}"
EndProject
Project("{FAE04EC0-301F-11D3-BF4B-00C04F79EFBC}") = "SteamVR_Windows_EditorHelper", "SteamVR_Windows_EditorHelper.csproj", "{FA1109A5-6336-C16C-6B20-2B33EC6310F7}"
EndProject
Global
	GlobalSection(SolutionConfigurationPlatforms) = preSolution
		Debug|Any CPU = Debug|Any CPU
		Release|Any CPU = Release|Any CPU
	EndGlobalSection
	GlobalSection(ProjectConfigurationPlatforms) = postSolution
		{0605B4FF-0BD2-54E9-F019-D4492BE22887}.Debug|Any CPU.ActiveCfg = Debug|Any CPU
		{0605B4FF-0BD2-54E9-F019-D4492BE22887}.Debug|Any CPU.Build.0 = Debug|Any CPU
		{0605B4FF-0BD2-54E9-F019-D4492BE22887}.Release|Any CPU.ActiveCfg = Release|Any CPU
		{0605B4FF-0BD2-54E9-F019-D4492BE22887}.Release|Any CPU.Build.0 = Release|Any CPU
		{50991ACB-06B7-E01F-925C-0BC6DA42F037}.Debug|Any CPU.ActiveCfg = Debug|Any CPU
		{50991ACB-06B7-E01F-925C-0BC6DA42F037}.Debug|Any CPU.Build.0 = Debug|Any CPU
		{50991ACB-06B7-E01F-925C-0BC6DA42F037}.Release|Any CPU.ActiveCfg = Release|Any CPU
		{50991ACB-06B7-E01F-925C-0BC6DA42F037}.Release|Any CPU.Build.0 = Release|Any CPU
		{FD84AD53-1909-9C7F-7FD9-E6B192E60CDF}.Debug|Any CPU.ActiveCfg = Debug|Any CPU
		{FD84AD53-1909-9C7F-7FD9-E6B192E60CDF}.Debug|Any CPU.Build.0 = Debug|Any CPU
		{FD84AD53-1909-9C7F-7FD9-E6B192E60CDF}.Release|Any CPU.ActiveCfg = Release|Any CPU
		{FD84AD53-1909-9C7F-7FD9-E6B192E60CDF}.Release|Any CPU.Build.0 = Release|Any CPU
		{0289716F-357F-F232-0D93-C979B2271F8F}.Debug|Any CPU.ActiveCfg = Debug|Any CPU
		{0289716F-357F-F232-0D93-C979B2271F8F}.Debug|Any CPU.Build.0 = Debug|Any CPU
		{0289716F-357F-F232-0D93-C979B2271F8F}.Release|Any CPU.ActiveCfg = Release|Any CPU
		{0289716F-357F-F232-0D93-C979B2271F8F}.Release|Any CPU.Build.0 = Release|Any CPU
		{FA1109A5-6336-C16C-6B20-2B33EC6310F7}.Debug|Any CPU.ActiveCfg = Debug|Any CPU
		{FA1109A5-6336-C16C-6B20-2B33EC6310F7}.Debug|Any CPU.Build.0 = Debug|Any CPU
		{FA1109A5-6336-C16C-6B20-2B33EC6310F7}.Release|Any CPU.ActiveCfg = Release|Any CPU
		{FA1109A5-6336-C16C-6B20-2B33EC6310F7}.Release|Any CPU.Build.0 = Release|Any CPU
	EndGlobalSection
	GlobalSection(SolutionProperties) = preSolution
		HideSolutionNode = FALSE
	EndGlobalSection
	GlobalSection(MonoDevelopProperties) = preSolution
		StartupItem = Assembly-CSharp.csproj
	EndGlobalSection
EndGlobal
